// !$*UTF8*$!
{
	archiveVersion = 1;
	classes = {
	};
	objectVersion = 52;
	objects = {

/* Begin PBXBuildFile section */
		0207DA581B56EA530066E2B4 /* Images.xcassets in Resources */ = {isa = PBXBuildFile; fileRef = 0207DA571B56EA530066E2B4 /* Images.xcassets */; };
		0889A9414EFB45D98ABAC4F2 /* GMPHAsset.m in Sources */ = {isa = PBXBuildFile; fileRef = B0187301245B4700BD8EE113 /* GMPHAsset.m */; };
		0F2B1BC1407C4B63AC30B08E /* APPBackgroundMode.m in Sources */ = {isa = PBXBuildFile; fileRef = 216690CB646A4320A57A666B /* APPBackgroundMode.m */; };
		1A4C8CAF9BEB4C48B0EB87E4 /* CDVFile.m in Sources */ = {isa = PBXBuildFile; fileRef = 3096062B33684F659B893F66 /* CDVFile.m */; };
		1D3623260D0F684500981E51 /* AppDelegate.m in Sources */ = {isa = PBXBuildFile; fileRef = 1D3623250D0F684500981E51 /* AppDelegate.m */; };
		1D60589B0D05DD56006BFB54 /* main.m in Sources */ = {isa = PBXBuildFile; fileRef = 29B97316FDCFA39411CA2CEA /* main.m */; };
		1D8ECCBEE6B14179820B0284 /* de.lproj in Resources */ = {isa = PBXBuildFile; fileRef = 60814C2A4E994E84822AA49E /* de.lproj */; };
		214E84F72F774CE689DBF462 /* CoreTelephony.framework in Frameworks */ = {isa = PBXBuildFile; fileRef = E6B8F93C4B8041709870353E /* CoreTelephony.framework */; };
		2342A65F7A344FAE93CD102A /* CDVNetworkInterface.m in Sources */ = {isa = PBXBuildFile; fileRef = 4E102A9F683149359D9BC032 /* CDVNetworkInterface.m */; };
		2A7C3FC1ECFE411281300E06 /* ca.lproj in Resources */ = {isa = PBXBuildFile; fileRef = 0F944BF3B26A4F7281CFF8FA /* ca.lproj */; };
		301BF552109A68D80062928A /* libCordova.a in Frameworks */ = {isa = PBXBuildFile; fileRef = 301BF535109A57CC0062928A /* libCordova.a */; settings = {ATTRIBUTES = (Required, ); }; };
		302D95F114D2391D003F00A1 /* MainViewController.m in Sources */ = {isa = PBXBuildFile; fileRef = 302D95EF14D2391D003F00A1 /* MainViewController.m */; };
		302D95F214D2391D003F00A1 /* MainViewController.xib in Resources */ = {isa = PBXBuildFile; fileRef = 302D95F014D2391D003F00A1 /* MainViewController.xib */; };
		338ACF08960D47C983CA3416 /* UNNotificationRequest+APPLocalNotification.m in Sources */ = {isa = PBXBuildFile; fileRef = 72A4B788D590458AAA297E1C /* UNNotificationRequest+APPLocalNotification.m */; };
		364EB17EF5834C11A3E23194 /* PSYBlockTimer.m in Sources */ = {isa = PBXBuildFile; fileRef = 9D9E356200424898B3D14895 /* PSYBlockTimer.m */; };
		3B31D8AA07EA4FA894DAB95C /* CDVReachability.m in Sources */ = {isa = PBXBuildFile; fileRef = DFDEA73DF0A949AB8D842994 /* CDVReachability.m */; };
		3E11A3A1A3F5475F946FA1C1 /* GMFetchItem.m in Sources */ = {isa = PBXBuildFile; fileRef = CE6C8783FD3145A7AA365E30 /* GMFetchItem.m */; };
		495070B149C54254A46C7C01 /* SOSPicker.m in Sources */ = {isa = PBXBuildFile; fileRef = 2D19DC36AF454E74801E4D79 /* SOSPicker.m */; };
		4AE98E95C58A424C90A718E5 /* appbeep.wav in Resources */ = {isa = PBXBuildFile; fileRef = 73FD6738B106489694E825BA /* appbeep.wav */; };
		527FCFA5867B491F92F5EE06 /* Security.framework in Frameworks */ = {isa = PBXBuildFile; fileRef = 86A1C7B485544968A041DB8A /* Security.framework */; };
		55E7283B69314092BDCAA533 /* GMVideoIcon@2x.png in Resources */ = {isa = PBXBuildFile; fileRef = 778BC69AB83A49BC90FEBED8 /* GMVideoIcon@2x.png */; };
		5743250BB2D442B38B79C2C7 /* GMGridViewCell.m in Sources */ = {isa = PBXBuildFile; fileRef = 6EDDDFAA9E83426483B6069C /* GMGridViewCell.m */; };
		584BF7014F234AB29D4D45F6 /* GMGridViewController.m in Sources */ = {isa = PBXBuildFile; fileRef = 73811F1AAAF74DABB64026F2 /* GMGridViewController.m */; };
		5857AE0957AB450AA1505673 /* CustomPSPDFThreadSafeMutableDictionary.m in Sources */ = {isa = PBXBuildFile; fileRef = 0327F9C249984FAE85F58250 /* CustomPSPDFThreadSafeMutableDictionary.m */; settings = {COMPILER_FLAGS = "-w"; }; };
		5AB5944B523148BDAD2BDA52 /* APPLocalNotification.m in Sources */ = {isa = PBXBuildFile; fileRef = 9D18F20A993C443C8FD7CB9C /* APPLocalNotification.m */; };
		5D92CC0EDEB941C98BF28A80 /* zh-Hans.lproj in Resources */ = {isa = PBXBuildFile; fileRef = DE4704EA831E45DA9B28D076 /* zh-Hans.lproj */; };
		62081D97626F4DBC958446B2 /* SQLitePlugin.m in Sources */ = {isa = PBXBuildFile; fileRef = 27668C27D9274727A4404015 /* SQLitePlugin.m */; };
		641F9D0013884E85B4701E80 /* it.lproj in Resources */ = {isa = PBXBuildFile; fileRef = 16573675EF81454580872AF5 /* it.lproj */; };
		6548D000021049D297E3F544 /* CDVStatusBar.m in Sources */ = {isa = PBXBuildFile; fileRef = FC6E64E972E24445828AABE5 /* CDVStatusBar.m */; };
		6A0845E3C33C4B209E1C1685 /* Accelerate.framework in Frameworks */ = {isa = PBXBuildFile; fileRef = 18CB58021E2D4A74AFD6F850 /* Accelerate.framework */; };
		6AFF5BF91D6E424B00AB3073 /* CDVLaunchScreen.storyboard in Resources */ = {isa = PBXBuildFile; fileRef = 6AFF5BF81D6E424B00AB3073 /* CDVLaunchScreen.storyboard */; };
		71F836FA05AB4B4A961314E3 /* GMAlbumsViewCell.m in Sources */ = {isa = PBXBuildFile; fileRef = B22434733D684B41AF52F03D /* GMAlbumsViewCell.m */; };
		7580ABCACFB9471FABBFB226 /* pl.lproj in Resources */ = {isa = PBXBuildFile; fileRef = 08AD40F659314498960DFAD4 /* pl.lproj */; };
		7CDED8AB5AA649DEBDD45A96 /* IONAssetHandler.m in Sources */ = {isa = PBXBuildFile; fileRef = 5FA4DE35138A46B9B569AC3F /* IONAssetHandler.m */; };
		855B64E0D9924F0CBA7EAC6B /* en.lproj in Resources */ = {isa = PBXBuildFile; fileRef = 0050639F169841E2A531A246 /* en.lproj */; };
		87B94D575EC84BC7820F6E4B /* CDVConnection.m in Sources */ = {isa = PBXBuildFile; fileRef = 69216F060D414295AE9602F9 /* CDVConnection.m */; };
		92F1F0E8A89540B2A2B69753 /* APPNotificationOptions.m in Sources */ = {isa = PBXBuildFile; fileRef = 78394D4B3D794FECAAADAA26 /* APPNotificationOptions.m */; };
		96A544FB11014FC883B6B470 /* CDVIonicKeyboard.m in Sources */ = {isa = PBXBuildFile; fileRef = ADD1D38A4EC444389CAFA308 /* CDVIonicKeyboard.m */; };
		A0FEB6A0E8D34D9BA5734D46 /* pt.lproj in Resources */ = {isa = PBXBuildFile; fileRef = 088564D466DD44188CA9CAA0 /* pt.lproj */; };
		A193939C1A614DBB93AB763A /* FeHourGlass.m in Sources */ = {isa = PBXBuildFile; fileRef = F5D7B818862D424ABF378330 /* FeHourGlass.m */; };
		A5E9A2F4C4674D0CB744F875 /* CDVAssetLibraryFilesystem.m in Sources */ = {isa = PBXBuildFile; fileRef = 96FF37A9431F4DE59230CE99 /* CDVAssetLibraryFilesystem.m */; };
		A93A88A3BD54464B9EDF572E /* CoreLocation.framework in Frameworks */ = {isa = PBXBuildFile; fileRef = 8487B52501E94E998B25134F /* CoreLocation.framework */; };
		AC1A8538A2B14AD7A0CAB42C /* APPMethodMagic.m in Sources */ = {isa = PBXBuildFile; fileRef = 1F6AF8FD5EB740BEAD84F27D /* APPMethodMagic.m */; };
		AC55FCE7491B43BD9CCF8E67 /* QuartzCore.framework in Frameworks */ = {isa = PBXBuildFile; fileRef = 2C57B4140EBB461C83701C5E /* QuartzCore.framework */; };
		AD89327D377E401EBC283DAC /* GMEmptyFolder@1x.png in Resources */ = {isa = PBXBuildFile; fileRef = 367E447CEB214E6E98A75DD8 /* GMEmptyFolder@1x.png */; };
		AF30BF15DCCD4BA69434B33A /* UserNotifications.framework in Frameworks */ = {isa = PBXBuildFile; fileRef = 86E5E263CEE64AB1A2085731 /* UserNotifications.framework */; };
		B122217939A14774B99D302E /* UNUserNotificationCenter+APPLocalNotification.m in Sources */ = {isa = PBXBuildFile; fileRef = FA97054063924260B358B5D2 /* UNUserNotificationCenter+APPLocalNotification.m */; };
		B7357793F95446599A368693 /* fr.lproj in Resources */ = {isa = PBXBuildFile; fileRef = D5A2D71C91FA46B69F7DCB72 /* fr.lproj */; };
		B9DDFBF3254B453C81781BE7 /* GMSelected@2x.png in Resources */ = {isa = PBXBuildFile; fileRef = C19C8D23BC734ECE99E591C7 /* GMSelected@2x.png */; };
		BB24872FD4E44AB6B39096D1 /* CDVDevice.m in Sources */ = {isa = PBXBuildFile; fileRef = 9408C47D7651470984989E7E /* CDVDevice.m */; };
		BF43CC08C81B4B9B94741301 /* GMAlbumsViewController.m in Sources */ = {isa = PBXBuildFile; fileRef = F9076FEE1C584E7B955F3AAF /* GMAlbumsViewController.m */; };
		C460846637B14985973F93C0 /* CFCallNumber.m in Sources */ = {isa = PBXBuildFile; fileRef = A63FFF51B8654EC88D875708 /* CFCallNumber.m */; };
		C6E4A37CEF0748D2BDDA8B82 /* GMVideoIcon.png in Resources */ = {isa = PBXBuildFile; fileRef = 5FDA15371E5349E1855FFA42 /* GMVideoIcon.png */; };
		C960C6A3A4EC4423B7393BAD /* WebKit.framework in Frameworks */ = {isa = PBXBuildFile; fileRef = B10BE1FE12254C0980CDA17E /* WebKit.framework */; settings = {ATTRIBUTES = (Weak, ); }; };
		CBA897EBD33A4F06A38DFE31 /* UIImage+fixOrientation.m in Sources */ = {isa = PBXBuildFile; fileRef = F5FCA43385CD4DE9B3B70266 /* UIImage+fixOrientation.m */; };
		CC42828213C842398D8066F1 /* CDVWKWebViewEngine.m in Sources */ = {isa = PBXBuildFile; fileRef = 11475970F37E477DA3A3CE00 /* CDVWKWebViewEngine.m */; };
		CD5DD3A7135E4556A55D443A /* SystemConfiguration.framework in Frameworks */ = {isa = PBXBuildFile; fileRef = 88DA6B424BF442C3AE45A571 /* SystemConfiguration.framework */; settings = {ATTRIBUTES = (Weak, ); }; };
		CE73F2A3B00F428A9357F29E /* sqlite3.c in Sources */ = {isa = PBXBuildFile; fileRef = 86F90DA7FDB9470FA91E02A3 /* sqlite3.c */; settings = {COMPILER_FLAGS = "-w -DSQLITE_THREADSAFE=1 -DSQLITE_DEFAULT_SYNCHRONOUS=3 -DSQLITE_DEFAULT_MEMSTATUS=0 -DSQLITE_OMIT_DECLTYPE -DSQLITE_OMIT_DEPRECATED -DSQLITE_OMIT_PROGRESS_CALLBACK -DSQLITE_OMIT_SHARED_CACHE -DSQLITE_TEMP_STORE=2 -DSQLITE_OMIT_LOAD_EXTENSION -DSQLITE_ENABLE_FTS3 -DSQLITE_ENABLE_FTS3_PARENTHESIS -DSQLITE_ENABLE_FTS4 -DSQLITE_ENABLE_RTREE -DSQLITE_DEFAULT_PAGE_SIZE=4096"; }; };
		CFB302F278A1492FBC8E155E /* GMSelected.png in Resources */ = {isa = PBXBuildFile; fileRef = 075CCB2170CD408BB8979705 /* GMSelected.png */; };
		D3A2944221E043D5A7445469 /* CDVLocalFilesystem.m in Sources */ = {isa = PBXBuildFile; fileRef = B6B6E4688C864195A22BDF9C /* CDVLocalFilesystem.m */; };
		D3DF226516D74949B5ED3F57 /* CDVWKWebViewUIDelegate.m in Sources */ = {isa = PBXBuildFile; fileRef = D83B2D8B3DF04F2BAA73C61A /* CDVWKWebViewUIDelegate.m */; };
		D6033A3AA4B545B49D38DF14 /* AVFoundation.framework in Frameworks */ = {isa = PBXBuildFile; fileRef = 388DE61DF98947EE8AF75739 /* AVFoundation.framework */; };
		D835CEE5B44B444581532EDD /* Chooser.swift in Sources */ = {isa = PBXBuildFile; fileRef = 380853EB0DB24E47879BAF68 /* Chooser.swift */; };
		E058FC63C73A4E01A01E828D /* GMEmptyFolder@2x.png in Resources */ = {isa = PBXBuildFile; fileRef = CC1AD5E045384F0199CB4AA5 /* GMEmptyFolder@2x.png */; };
		E896F1CE4CE94B4B8DC77DE9 /* CDVWKProcessPoolFactory.m in Sources */ = {isa = PBXBuildFile; fileRef = A0EDE887792447639EDF4CD9 /* CDVWKProcessPoolFactory.m */; };
		E9436206E69D42669E00ECD0 /* APPBadge.m in Sources */ = {isa = PBXBuildFile; fileRef = 26D1CFD9DD9A4065AC427870 /* APPBadge.m */; };
		ECA3A94F87D141A880DDB301 /* Photos.framework in Frameworks */ = {isa = PBXBuildFile; fileRef = 47EA3355ABF14E3B84DF6EB1 /* Photos.framework */; };
		F128AC8DF65D4A728A46B16B /* ImageIO.framework in Frameworks */ = {isa = PBXBuildFile; fileRef = F39DDA6DD7014E0EA9220751 /* ImageIO.framework */; settings = {ATTRIBUTES = (Weak, ); }; };
		F1FAC2B6300E4ECF8462F109 /* CDVJpegHeaderWriter.m in Sources */ = {isa = PBXBuildFile; fileRef = 4DBF5A385E5F4FFC9B4140DD /* CDVJpegHeaderWriter.m */; };
		F35857BA34734EA0B276589D /* APPNotificationContent.m in Sources */ = {isa = PBXBuildFile; fileRef = DC82CF1AC0324B28AB493C0F /* APPNotificationContent.m */; };
		F7948E3F6CF041E1B2E7A187 /* GMImagePickerController.m in Sources */ = {isa = PBXBuildFile; fileRef = 73486C98425344E2A54854A0 /* GMImagePickerController.m */; };
		F99D038526C142E8A79754B5 /* UIImage+CropScaleOrientation.m in Sources */ = {isa = PBXBuildFile; fileRef = 461D6F3608E1407D84D71C9C /* UIImage+CropScaleOrientation.m */; };
		F9DCF700F1C64ED3AC3925C1 /* CDVCamera.m in Sources */ = {isa = PBXBuildFile; fileRef = 30DBA6464D9343A780CC1A2D /* CDVCamera.m */; };
		FC53C9A866C14C58B89D2570 /* es.lproj in Resources */ = {isa = PBXBuildFile; fileRef = B1A3B05FEEB946CA950E8DAE /* es.lproj */; };
/* End PBXBuildFile section */

/* Begin PBXContainerItemProxy section */
		301BF534109A57CC0062928A /* PBXContainerItemProxy */ = {
			isa = PBXContainerItemProxy;
			containerPortal = 301BF52D109A57CC0062928A /* CordovaLib.xcodeproj */;
			proxyType = 2;
			remoteGlobalIDString = D2AAC07E0554694100DB518D;
			remoteInfo = CordovaLib;
		};
		301BF550109A68C00062928A /* PBXContainerItemProxy */ = {
			isa = PBXContainerItemProxy;
			containerPortal = 301BF52D109A57CC0062928A /* CordovaLib.xcodeproj */;
			proxyType = 1;
			remoteGlobalIDString = D2AAC07D0554694100DB518D;
			remoteInfo = CordovaLib;
		};
		907D8123214C687600058A10 /* PBXContainerItemProxy */ = {
			isa = PBXContainerItemProxy;
			containerPortal = 301BF52D109A57CC0062928A /* CordovaLib.xcodeproj */;
			proxyType = 2;
			remoteGlobalIDString = C0C01EB21E3911D50056E6CB;
			remoteInfo = Cordova;
		};
/* End PBXContainerItemProxy section */

/* Begin PBXFileReference section */
		0050639F169841E2A531A246 /* en.lproj */ = {isa = PBXFileReference; explicitFileType = undefined; fileEncoding = 9; includeInIndex = 0; lastKnownFileType = unknown; path = en.lproj; sourceTree = "<group>"; };
		0207DA571B56EA530066E2B4 /* Images.xcassets */ = {isa = PBXFileReference; lastKnownFileType = folder.assetcatalog; name = Images.xcassets; path = STSS/Images.xcassets; sourceTree = SOURCE_ROOT; };
		0327F9C249984FAE85F58250 /* CustomPSPDFThreadSafeMutableDictionary.m */ = {isa = PBXFileReference; explicitFileType = undefined; fileEncoding = 4; includeInIndex = 0; lastKnownFileType = sourcecode.c.objc; name = CustomPSPDFThreadSafeMutableDictionary.m; path = "cordova-sqlite-storage/CustomPSPDFThreadSafeMutableDictionary.m"; sourceTree = "<group>"; };
		052400F2626F4102828AF879 /* SQLitePlugin.h */ = {isa = PBXFileReference; explicitFileType = undefined; fileEncoding = 4; includeInIndex = 0; lastKnownFileType = sourcecode.c.h; name = SQLitePlugin.h; path = "cordova-sqlite-storage/SQLitePlugin.h"; sourceTree = "<group>"; };
		075CCB2170CD408BB8979705 /* GMSelected.png */ = {isa = PBXFileReference; explicitFileType = undefined; fileEncoding = 9; includeInIndex = 0; lastKnownFileType = unknown; path = GMSelected.png; sourceTree = "<group>"; };
		088564D466DD44188CA9CAA0 /* pt.lproj */ = {isa = PBXFileReference; explicitFileType = undefined; fileEncoding = 9; includeInIndex = 0; lastKnownFileType = unknown; path = pt.lproj; sourceTree = "<group>"; };
		08AD40F659314498960DFAD4 /* pl.lproj */ = {isa = PBXFileReference; explicitFileType = undefined; fileEncoding = 9; includeInIndex = 0; lastKnownFileType = unknown; path = pl.lproj; sourceTree = "<group>"; };
		0B73FD8D87964386ADE2EB39 /* CDVReachability.h */ = {isa = PBXFileReference; explicitFileType = undefined; fileEncoding = 4; includeInIndex = 0; lastKnownFileType = sourcecode.c.h; name = CDVReachability.h; path = "cordova-plugin-network-information/CDVReachability.h"; sourceTree = "<group>"; };
		0DA232E2F3A54BF08C3D5691 /* APPLocalNotification.h */ = {isa = PBXFileReference; explicitFileType = undefined; fileEncoding = 4; includeInIndex = 0; lastKnownFileType = sourcecode.c.h; name = APPLocalNotification.h; path = "cordova-plugin-local-notification/APPLocalNotification.h"; sourceTree = "<group>"; };
		0F944BF3B26A4F7281CFF8FA /* ca.lproj */ = {isa = PBXFileReference; explicitFileType = undefined; fileEncoding = 9; includeInIndex = 0; lastKnownFileType = unknown; path = ca.lproj; sourceTree = "<group>"; };
		11475970F37E477DA3A3CE00 /* CDVWKWebViewEngine.m */ = {isa = PBXFileReference; explicitFileType = undefined; fileEncoding = 4; includeInIndex = 0; lastKnownFileType = sourcecode.c.objc; name = CDVWKWebViewEngine.m; path = "cordova-plugin-ionic-webview/CDVWKWebViewEngine.m"; sourceTree = "<group>"; };
		13C5D5E536624B539A83F43F /* UNUserNotificationCenter+APPLocalNotification.h */ = {isa = PBXFileReference; explicitFileType = undefined; fileEncoding = 4; includeInIndex = 0; lastKnownFileType = sourcecode.c.h; name = "UNUserNotificationCenter+APPLocalNotification.h"; path = "cordova-plugin-local-notification/UNUserNotificationCenter+APPLocalNotification.h"; sourceTree = "<group>"; };
		16573675EF81454580872AF5 /* it.lproj */ = {isa = PBXFileReference; explicitFileType = undefined; fileEncoding = 9; includeInIndex = 0; lastKnownFileType = unknown; path = it.lproj; sourceTree = "<group>"; };
		18CB58021E2D4A74AFD6F850 /* Accelerate.framework */ = {isa = PBXFileReference; explicitFileType = undefined; fileEncoding = 9; includeInIndex = 0; lastKnownFileType = wrapper.framework; name = Accelerate.framework; path = System/Library/Frameworks/Accelerate.framework; sourceTree = SDKROOT; };
		1D3623240D0F684500981E51 /* AppDelegate.h */ = {isa = PBXFileReference; fileEncoding = 4; lastKnownFileType = sourcecode.c.h; path = AppDelegate.h; sourceTree = "<group>"; };
		1D3623250D0F684500981E51 /* AppDelegate.m */ = {isa = PBXFileReference; fileEncoding = 4; lastKnownFileType = sourcecode.c.objc; path = AppDelegate.m; sourceTree = "<group>"; };
		1D6058910D05DD3D006BFB54 /* STSS.app */ = {isa = PBXFileReference; explicitFileType = wrapper.application; includeInIndex = 0; path = STSS.app; sourceTree = BUILT_PRODUCTS_DIR; };
		1D7CB26062E540269AE4E804 /* UIImage+CropScaleOrientation.h */ = {isa = PBXFileReference; explicitFileType = undefined; fileEncoding = 4; includeInIndex = 0; lastKnownFileType = sourcecode.c.h; name = "UIImage+CropScaleOrientation.h"; path = "cordova-plugin-camera/UIImage+CropScaleOrientation.h"; sourceTree = "<group>"; };
		1F6AF8FD5EB740BEAD84F27D /* APPMethodMagic.m */ = {isa = PBXFileReference; explicitFileType = undefined; fileEncoding = 4; includeInIndex = 0; lastKnownFileType = sourcecode.c.objc; name = APPMethodMagic.m; path = "cordova-plugin-background-mode/APPMethodMagic.m"; sourceTree = "<group>"; };
		216690CB646A4320A57A666B /* APPBackgroundMode.m */ = {isa = PBXFileReference; explicitFileType = undefined; fileEncoding = 4; includeInIndex = 0; lastKnownFileType = sourcecode.c.objc; name = APPBackgroundMode.m; path = "cordova-plugin-background-mode/APPBackgroundMode.m"; sourceTree = "<group>"; };
		21872378282D49BCB8068289 /* CDVJpegHeaderWriter.h */ = {isa = PBXFileReference; explicitFileType = undefined; fileEncoding = 4; includeInIndex = 0; lastKnownFileType = sourcecode.c.h; name = CDVJpegHeaderWriter.h; path = "cordova-plugin-camera/CDVJpegHeaderWriter.h"; sourceTree = "<group>"; };
		25BEC3A6A37F4BE4B4738941 /* CDVAssetLibraryFilesystem.h */ = {isa = PBXFileReference; explicitFileType = undefined; fileEncoding = 4; includeInIndex = 0; lastKnownFileType = sourcecode.c.h; name = CDVAssetLibraryFilesystem.h; path = "cordova-plugin-file/CDVAssetLibraryFilesystem.h"; sourceTree = "<group>"; };
		26D1CFD9DD9A4065AC427870 /* APPBadge.m */ = {isa = PBXFileReference; explicitFileType = undefined; fileEncoding = 4; includeInIndex = 0; lastKnownFileType = sourcecode.c.objc; name = APPBadge.m; path = "cordova-plugin-badge/APPBadge.m"; sourceTree = "<group>"; };
		2713F7F1E5E743A08528C0DE /* CDVCamera.h */ = {isa = PBXFileReference; explicitFileType = undefined; fileEncoding = 4; includeInIndex = 0; lastKnownFileType = sourcecode.c.h; name = CDVCamera.h; path = "cordova-plugin-camera/CDVCamera.h"; sourceTree = "<group>"; };
		27668C27D9274727A4404015 /* SQLitePlugin.m */ = {isa = PBXFileReference; explicitFileType = undefined; fileEncoding = 4; includeInIndex = 0; lastKnownFileType = sourcecode.c.objc; name = SQLitePlugin.m; path = "cordova-sqlite-storage/SQLitePlugin.m"; sourceTree = "<group>"; };
		29B97316FDCFA39411CA2CEA /* main.m */ = {isa = PBXFileReference; fileEncoding = 4; lastKnownFileType = sourcecode.c.objc; path = main.m; sourceTree = "<group>"; };
		2A0B1B024A17442DB4DD15D7 /* FeHourGlass.h */ = {isa = PBXFileReference; explicitFileType = undefined; fileEncoding = 4; includeInIndex = 0; lastKnownFileType = sourcecode.c.h; name = FeHourGlass.h; path = "cordova-plugin-telerik-imagepicker/FeHourGlass.h"; sourceTree = "<group>"; };
		2BA9B04371BD46609C3E32FE /* CDVExif.h */ = {isa = PBXFileReference; explicitFileType = undefined; fileEncoding = 4; includeInIndex = 0; lastKnownFileType = sourcecode.c.h; name = CDVExif.h; path = "cordova-plugin-camera/CDVExif.h"; sourceTree = "<group>"; };
		2C57B4140EBB461C83701C5E /* QuartzCore.framework */ = {isa = PBXFileReference; explicitFileType = undefined; fileEncoding = 9; includeInIndex = 0; lastKnownFileType = wrapper.framework; name = QuartzCore.framework; path = System/Library/Frameworks/QuartzCore.framework; sourceTree = SDKROOT; };
		2D19DC36AF454E74801E4D79 /* SOSPicker.m */ = {isa = PBXFileReference; explicitFileType = undefined; fileEncoding = 4; includeInIndex = 0; lastKnownFileType = sourcecode.c.objc; name = SOSPicker.m; path = "cordova-plugin-telerik-imagepicker/SOSPicker.m"; sourceTree = "<group>"; };
		301BF52D109A57CC0062928A /* CordovaLib.xcodeproj */ = {isa = PBXFileReference; lastKnownFileType = "wrapper.pb-project"; name = CordovaLib.xcodeproj; path = CordovaLib/CordovaLib.xcodeproj; sourceTree = "<group>"; };
		301BF56E109A69640062928A /* www */ = {isa = PBXFileReference; lastKnownFileType = folder; path = www; sourceTree = SOURCE_ROOT; };
		302D95EE14D2391D003F00A1 /* MainViewController.h */ = {isa = PBXFileReference; fileEncoding = 4; lastKnownFileType = sourcecode.c.h; path = MainViewController.h; sourceTree = "<group>"; };
		302D95EF14D2391D003F00A1 /* MainViewController.m */ = {isa = PBXFileReference; fileEncoding = 4; lastKnownFileType = sourcecode.c.objc; path = MainViewController.m; sourceTree = "<group>"; };
		302D95F014D2391D003F00A1 /* MainViewController.xib */ = {isa = PBXFileReference; fileEncoding = 4; lastKnownFileType = file.xib; path = MainViewController.xib; sourceTree = "<group>"; };
		3047A50F1AB8059700498E2A /* build-debug.xcconfig */ = {isa = PBXFileReference; fileEncoding = 4; lastKnownFileType = text.xcconfig; name = "build-debug.xcconfig"; path = "cordova/build-debug.xcconfig"; sourceTree = SOURCE_ROOT; };
		3047A5101AB8059700498E2A /* build-release.xcconfig */ = {isa = PBXFileReference; fileEncoding = 4; lastKnownFileType = text.xcconfig; name = "build-release.xcconfig"; path = "cordova/build-release.xcconfig"; sourceTree = SOURCE_ROOT; };
		3047A5111AB8059700498E2A /* build.xcconfig */ = {isa = PBXFileReference; fileEncoding = 4; lastKnownFileType = text.xcconfig; name = build.xcconfig; path = cordova/build.xcconfig; sourceTree = SOURCE_ROOT; };
		3096062B33684F659B893F66 /* CDVFile.m */ = {isa = PBXFileReference; explicitFileType = undefined; fileEncoding = 4; includeInIndex = 0; lastKnownFileType = sourcecode.c.objc; name = CDVFile.m; path = "cordova-plugin-file/CDVFile.m"; sourceTree = "<group>"; };
		30DBA6464D9343A780CC1A2D /* CDVCamera.m */ = {isa = PBXFileReference; explicitFileType = undefined; fileEncoding = 4; includeInIndex = 0; lastKnownFileType = sourcecode.c.objc; name = CDVCamera.m; path = "cordova-plugin-camera/CDVCamera.m"; sourceTree = "<group>"; };
		32CA4F630368D1EE00C91783 /* STSS-Prefix.pch */ = {isa = PBXFileReference; fileEncoding = 4; lastKnownFileType = sourcecode.c.h; path = "STSS-Prefix.pch"; sourceTree = "<group>"; };
		367E447CEB214E6E98A75DD8 /* GMEmptyFolder@1x.png */ = {isa = PBXFileReference; explicitFileType = undefined; fileEncoding = 9; includeInIndex = 0; lastKnownFileType = unknown; path = "GMEmptyFolder@1x.png"; sourceTree = "<group>"; };
		380853EB0DB24E47879BAF68 /* Chooser.swift */ = {isa = PBXFileReference; explicitFileType = undefined; fileEncoding = 4; includeInIndex = 0; lastKnownFileType = sourcecode.swift; name = Chooser.swift; path = "cordova-plugin-chooser/Chooser.swift"; sourceTree = "<group>"; };
		388DE61DF98947EE8AF75739 /* AVFoundation.framework */ = {isa = PBXFileReference; explicitFileType = undefined; fileEncoding = 9; includeInIndex = 0; lastKnownFileType = wrapper.framework; name = AVFoundation.framework; path = System/Library/Frameworks/AVFoundation.framework; sourceTree = SDKROOT; };
		3C977063CD754D4BB06C6A6D /* CDVWKProcessPoolFactory.h */ = {isa = PBXFileReference; explicitFileType = undefined; fileEncoding = 4; includeInIndex = 0; lastKnownFileType = sourcecode.c.h; name = CDVWKProcessPoolFactory.h; path = "cordova-plugin-ionic-webview/CDVWKProcessPoolFactory.h"; sourceTree = "<group>"; };
		41A1E7F2D0BD466CBADEDEDB /* CDVConnection.h */ = {isa = PBXFileReference; explicitFileType = undefined; fileEncoding = 4; includeInIndex = 0; lastKnownFileType = sourcecode.c.h; name = CDVConnection.h; path = "cordova-plugin-network-information/CDVConnection.h"; sourceTree = "<group>"; };
		461D6F3608E1407D84D71C9C /* UIImage+CropScaleOrientation.m */ = {isa = PBXFileReference; explicitFileType = undefined; fileEncoding = 4; includeInIndex = 0; lastKnownFileType = sourcecode.c.objc; name = "UIImage+CropScaleOrientation.m"; path = "cordova-plugin-camera/UIImage+CropScaleOrientation.m"; sourceTree = "<group>"; };
		47EA3355ABF14E3B84DF6EB1 /* Photos.framework */ = {isa = PBXFileReference; explicitFileType = undefined; fileEncoding = 9; includeInIndex = 0; lastKnownFileType = wrapper.framework; name = Photos.framework; path = System/Library/Frameworks/Photos.framework; sourceTree = SDKROOT; };
		4DBF5A385E5F4FFC9B4140DD /* CDVJpegHeaderWriter.m */ = {isa = PBXFileReference; explicitFileType = undefined; fileEncoding = 4; includeInIndex = 0; lastKnownFileType = sourcecode.c.objc; name = CDVJpegHeaderWriter.m; path = "cordova-plugin-camera/CDVJpegHeaderWriter.m"; sourceTree = "<group>"; };
		4E102A9F683149359D9BC032 /* CDVNetworkInterface.m */ = {isa = PBXFileReference; explicitFileType = undefined; fileEncoding = 4; includeInIndex = 0; lastKnownFileType = sourcecode.c.objc; name = CDVNetworkInterface.m; path = "cordova-plugin-networkinterface/CDVNetworkInterface.m"; sourceTree = "<group>"; };
		5B0D29B56AF841EBA05805DF /* GMPHAsset.h */ = {isa = PBXFileReference; explicitFileType = undefined; fileEncoding = 4; includeInIndex = 0; lastKnownFileType = sourcecode.c.h; name = GMPHAsset.h; path = "cordova-plugin-telerik-imagepicker/GMPHAsset.h"; sourceTree = "<group>"; };
		5BBDB9346A11430D89C76931 /* GMGridViewCell.h */ = {isa = PBXFileReference; explicitFileType = undefined; fileEncoding = 4; includeInIndex = 0; lastKnownFileType = sourcecode.c.h; name = GMGridViewCell.h; path = "cordova-plugin-telerik-imagepicker/GMGridViewCell.h"; sourceTree = "<group>"; };
		5DFDA01125214F12ABAD8DFD /* CDVDevice.h */ = {isa = PBXFileReference; explicitFileType = undefined; fileEncoding = 4; includeInIndex = 0; lastKnownFileType = sourcecode.c.h; name = CDVDevice.h; path = "cordova-plugin-device/CDVDevice.h"; sourceTree = "<group>"; };
		5FA4DE35138A46B9B569AC3F /* IONAssetHandler.m */ = {isa = PBXFileReference; explicitFileType = undefined; fileEncoding = 4; includeInIndex = 0; lastKnownFileType = sourcecode.c.objc; name = IONAssetHandler.m; path = "cordova-plugin-ionic-webview/IONAssetHandler.m"; sourceTree = "<group>"; };
		5FDA15371E5349E1855FFA42 /* GMVideoIcon.png */ = {isa = PBXFileReference; explicitFileType = undefined; fileEncoding = 9; includeInIndex = 0; lastKnownFileType = unknown; path = GMVideoIcon.png; sourceTree = "<group>"; };
		60814C2A4E994E84822AA49E /* de.lproj */ = {isa = PBXFileReference; explicitFileType = undefined; fileEncoding = 9; includeInIndex = 0; lastKnownFileType = unknown; path = de.lproj; sourceTree = "<group>"; };
		6575BAA84E204B94833C3A5B /* GMGridViewController.h */ = {isa = PBXFileReference; explicitFileType = undefined; fileEncoding = 4; includeInIndex = 0; lastKnownFileType = sourcecode.c.h; name = GMGridViewController.h; path = "cordova-plugin-telerik-imagepicker/GMGridViewController.h"; sourceTree = "<group>"; };
		68810EFDFF334D848AC8B740 /* APPNotificationOptions.h */ = {isa = PBXFileReference; explicitFileType = undefined; fileEncoding = 4; includeInIndex = 0; lastKnownFileType = sourcecode.c.h; name = APPNotificationOptions.h; path = "cordova-plugin-local-notification/APPNotificationOptions.h"; sourceTree = "<group>"; };
		69216F060D414295AE9602F9 /* CDVConnection.m */ = {isa = PBXFileReference; explicitFileType = undefined; fileEncoding = 4; includeInIndex = 0; lastKnownFileType = sourcecode.c.objc; name = CDVConnection.m; path = "cordova-plugin-network-information/CDVConnection.m"; sourceTree = "<group>"; };
		6AFF5BF81D6E424B00AB3073 /* CDVLaunchScreen.storyboard */ = {isa = PBXFileReference; fileEncoding = 4; lastKnownFileType = file.storyboard; name = CDVLaunchScreen.storyboard; path = STSS/CDVLaunchScreen.storyboard; sourceTree = SOURCE_ROOT; };
		6EDDDFAA9E83426483B6069C /* GMGridViewCell.m */ = {isa = PBXFileReference; explicitFileType = undefined; fileEncoding = 4; includeInIndex = 0; lastKnownFileType = sourcecode.c.objc; name = GMGridViewCell.m; path = "cordova-plugin-telerik-imagepicker/GMGridViewCell.m"; sourceTree = "<group>"; };
		72A4B788D590458AAA297E1C /* UNNotificationRequest+APPLocalNotification.m */ = {isa = PBXFileReference; explicitFileType = undefined; fileEncoding = 4; includeInIndex = 0; lastKnownFileType = sourcecode.c.objc; name = "UNNotificationRequest+APPLocalNotification.m"; path = "cordova-plugin-local-notification/UNNotificationRequest+APPLocalNotification.m"; sourceTree = "<group>"; };
		73486C98425344E2A54854A0 /* GMImagePickerController.m */ = {isa = PBXFileReference; explicitFileType = undefined; fileEncoding = 4; includeInIndex = 0; lastKnownFileType = sourcecode.c.objc; name = GMImagePickerController.m; path = "cordova-plugin-telerik-imagepicker/GMImagePickerController.m"; sourceTree = "<group>"; };
		73811F1AAAF74DABB64026F2 /* GMGridViewController.m */ = {isa = PBXFileReference; explicitFileType = undefined; fileEncoding = 4; includeInIndex = 0; lastKnownFileType = sourcecode.c.objc; name = GMGridViewController.m; path = "cordova-plugin-telerik-imagepicker/GMGridViewController.m"; sourceTree = "<group>"; };
		73FD6738B106489694E825BA /* appbeep.wav */ = {isa = PBXFileReference; explicitFileType = undefined; fileEncoding = 9; includeInIndex = 0; lastKnownFileType = unknown; path = appbeep.wav; sourceTree = "<group>"; };
		778BC69AB83A49BC90FEBED8 /* GMVideoIcon@2x.png */ = {isa = PBXFileReference; explicitFileType = undefined; fileEncoding = 9; includeInIndex = 0; lastKnownFileType = unknown; path = "GMVideoIcon@2x.png"; sourceTree = "<group>"; };
		78394D4B3D794FECAAADAA26 /* APPNotificationOptions.m */ = {isa = PBXFileReference; explicitFileType = undefined; fileEncoding = 4; includeInIndex = 0; lastKnownFileType = sourcecode.c.objc; name = APPNotificationOptions.m; path = "cordova-plugin-local-notification/APPNotificationOptions.m"; sourceTree = "<group>"; };
		7A8969D7817949708F10BEAE /* CDVWKWebViewUIDelegate.h */ = {isa = PBXFileReference; explicitFileType = undefined; fileEncoding = 4; includeInIndex = 0; lastKnownFileType = sourcecode.c.h; name = CDVWKWebViewUIDelegate.h; path = "cordova-plugin-ionic-webview/CDVWKWebViewUIDelegate.h"; sourceTree = "<group>"; };
		7E3E0D3120B84F5AB2E888FB /* GMFetchItem.h */ = {isa = PBXFileReference; explicitFileType = undefined; fileEncoding = 4; includeInIndex = 0; lastKnownFileType = sourcecode.c.h; name = GMFetchItem.h; path = "cordova-plugin-telerik-imagepicker/GMFetchItem.h"; sourceTree = "<group>"; };
		827273334B4D4A7887D6EF37 /* UIImage+fixOrientation.h */ = {isa = PBXFileReference; explicitFileType = undefined; fileEncoding = 4; includeInIndex = 0; lastKnownFileType = sourcecode.c.h; name = "UIImage+fixOrientation.h"; path = "cordova-plugin-telerik-imagepicker/UIImage+fixOrientation.h"; sourceTree = "<group>"; };
		8487B52501E94E998B25134F /* CoreLocation.framework */ = {isa = PBXFileReference; explicitFileType = undefined; fileEncoding = 9; includeInIndex = 0; lastKnownFileType = wrapper.framework; name = CoreLocation.framework; path = System/Library/Frameworks/CoreLocation.framework; sourceTree = SDKROOT; };
		868BC488C7B84EBBB6919EA8 /* sqlite3.h */ = {isa = PBXFileReference; explicitFileType = undefined; fileEncoding = 4; includeInIndex = 0; lastKnownFileType = sourcecode.c.h; name = sqlite3.h; path = "cordova-sqlite-storage/sqlite3.h"; sourceTree = "<group>"; };
		86A1C7B485544968A041DB8A /* Security.framework */ = {isa = PBXFileReference; explicitFileType = undefined; fileEncoding = 9; includeInIndex = 0; lastKnownFileType = wrapper.framework; name = Security.framework; path = System/Library/Frameworks/Security.framework; sourceTree = SDKROOT; };
		86E5E263CEE64AB1A2085731 /* UserNotifications.framework */ = {isa = PBXFileReference; explicitFileType = undefined; fileEncoding = 9; includeInIndex = 0; lastKnownFileType = wrapper.framework; name = UserNotifications.framework; path = System/Library/Frameworks/UserNotifications.framework; sourceTree = SDKROOT; };
		86F90DA7FDB9470FA91E02A3 /* sqlite3.c */ = {isa = PBXFileReference; explicitFileType = undefined; fileEncoding = 9; includeInIndex = 0; lastKnownFileType = unknown; name = sqlite3.c; path = "cordova-sqlite-storage/sqlite3.c"; sourceTree = "<group>"; };
		88DA6B424BF442C3AE45A571 /* SystemConfiguration.framework */ = {isa = PBXFileReference; explicitFileType = undefined; fileEncoding = 9; includeInIndex = 0; lastKnownFileType = wrapper.framework; name = SystemConfiguration.framework; path = System/Library/Frameworks/SystemConfiguration.framework; sourceTree = SDKROOT; };
		895381FBB3A34CEA8752300B /* GMAlbumsViewCell.h */ = {isa = PBXFileReference; explicitFileType = undefined; fileEncoding = 4; includeInIndex = 0; lastKnownFileType = sourcecode.c.h; name = GMAlbumsViewCell.h; path = "cordova-plugin-telerik-imagepicker/GMAlbumsViewCell.h"; sourceTree = "<group>"; };
		895F5F20B6BD4B3C8B7999B2 /* CDVNetworkInterface.h */ = {isa = PBXFileReference; explicitFileType = undefined; fileEncoding = 4; includeInIndex = 0; lastKnownFileType = sourcecode.c.h; name = CDVNetworkInterface.h; path = "cordova-plugin-networkinterface/CDVNetworkInterface.h"; sourceTree = "<group>"; };
		8A74A8F954784CADB1FD7F2B /* APPBackgroundMode.h */ = {isa = PBXFileReference; explicitFileType = undefined; fileEncoding = 4; includeInIndex = 0; lastKnownFileType = sourcecode.c.h; name = APPBackgroundMode.h; path = "cordova-plugin-background-mode/APPBackgroundMode.h"; sourceTree = "<group>"; };
		8D1107310486CEB800E47090 /* STSS-Info.plist */ = {isa = PBXFileReference; fileEncoding = 4; lastKnownFileType = text.plist.xml; name = "STSS-Info.plist"; path = "STSS/STSS-Info.plist"; plistStructureDefinitionIdentifier = "com.apple.xcode.plist.structure-definition.iphone.info-plist"; sourceTree = SOURCE_ROOT; };
		9408C47D7651470984989E7E /* CDVDevice.m */ = {isa = PBXFileReference; explicitFileType = undefined; fileEncoding = 4; includeInIndex = 0; lastKnownFileType = sourcecode.c.objc; name = CDVDevice.m; path = "cordova-plugin-device/CDVDevice.m"; sourceTree = "<group>"; };
		96FF37A9431F4DE59230CE99 /* CDVAssetLibraryFilesystem.m */ = {isa = PBXFileReference; explicitFileType = undefined; fileEncoding = 4; includeInIndex = 0; lastKnownFileType = sourcecode.c.objc; name = CDVAssetLibraryFilesystem.m; path = "cordova-plugin-file/CDVAssetLibraryFilesystem.m"; sourceTree = "<group>"; };
		9D18F20A993C443C8FD7CB9C /* APPLocalNotification.m */ = {isa = PBXFileReference; explicitFileType = undefined; fileEncoding = 4; includeInIndex = 0; lastKnownFileType = sourcecode.c.objc; name = APPLocalNotification.m; path = "cordova-plugin-local-notification/APPLocalNotification.m"; sourceTree = "<group>"; };
		9D9E356200424898B3D14895 /* PSYBlockTimer.m */ = {isa = PBXFileReference; explicitFileType = undefined; fileEncoding = 4; includeInIndex = 0; lastKnownFileType = sourcecode.c.objc; name = PSYBlockTimer.m; path = "cordova-plugin-telerik-imagepicker/PSYBlockTimer.m"; sourceTree = "<group>"; };
		A0EDE887792447639EDF4CD9 /* CDVWKProcessPoolFactory.m */ = {isa = PBXFileReference; explicitFileType = undefined; fileEncoding = 4; includeInIndex = 0; lastKnownFileType = sourcecode.c.objc; name = CDVWKProcessPoolFactory.m; path = "cordova-plugin-ionic-webview/CDVWKProcessPoolFactory.m"; sourceTree = "<group>"; };
		A63FFF51B8654EC88D875708 /* CFCallNumber.m */ = {isa = PBXFileReference; explicitFileType = undefined; fileEncoding = 4; includeInIndex = 0; lastKnownFileType = sourcecode.c.objc; name = CFCallNumber.m; path = "call-number/CFCallNumber.m"; sourceTree = "<group>"; };
		ADD1D38A4EC444389CAFA308 /* CDVIonicKeyboard.m */ = {isa = PBXFileReference; explicitFileType = undefined; fileEncoding = 4; includeInIndex = 0; lastKnownFileType = sourcecode.c.objc; name = CDVIonicKeyboard.m; path = "cordova-plugin-ionic-keyboard/CDVIonicKeyboard.m"; sourceTree = "<group>"; };
		B0187301245B4700BD8EE113 /* GMPHAsset.m */ = {isa = PBXFileReference; explicitFileType = undefined; fileEncoding = 4; includeInIndex = 0; lastKnownFileType = sourcecode.c.objc; name = GMPHAsset.m; path = "cordova-plugin-telerik-imagepicker/GMPHAsset.m"; sourceTree = "<group>"; };
		B10BE1FE12254C0980CDA17E /* WebKit.framework */ = {isa = PBXFileReference; explicitFileType = undefined; fileEncoding = 9; includeInIndex = 0; lastKnownFileType = wrapper.framework; name = WebKit.framework; path = System/Library/Frameworks/WebKit.framework; sourceTree = SDKROOT; };
		B1187D22E41D406E94ACC0C4 /* CDVFile.h */ = {isa = PBXFileReference; explicitFileType = undefined; fileEncoding = 4; includeInIndex = 0; lastKnownFileType = sourcecode.c.h; name = CDVFile.h; path = "cordova-plugin-file/CDVFile.h"; sourceTree = "<group>"; };
		B1A3B05FEEB946CA950E8DAE /* es.lproj */ = {isa = PBXFileReference; explicitFileType = undefined; fileEncoding = 9; includeInIndex = 0; lastKnownFileType = unknown; path = es.lproj; sourceTree = "<group>"; };
		B22434733D684B41AF52F03D /* GMAlbumsViewCell.m */ = {isa = PBXFileReference; explicitFileType = undefined; fileEncoding = 4; includeInIndex = 0; lastKnownFileType = sourcecode.c.objc; name = GMAlbumsViewCell.m; path = "cordova-plugin-telerik-imagepicker/GMAlbumsViewCell.m"; sourceTree = "<group>"; };
		B3D573D6188E4202A21DD464 /* GMAlbumsViewController.h */ = {isa = PBXFileReference; explicitFileType = undefined; fileEncoding = 4; includeInIndex = 0; lastKnownFileType = sourcecode.c.h; name = GMAlbumsViewController.h; path = "cordova-plugin-telerik-imagepicker/GMAlbumsViewController.h"; sourceTree = "<group>"; };
		B534F9E4FBED4349A9D70D0C /* APPMethodMagic.h */ = {isa = PBXFileReference; explicitFileType = undefined; fileEncoding = 4; includeInIndex = 0; lastKnownFileType = sourcecode.c.h; name = APPMethodMagic.h; path = "cordova-plugin-background-mode/APPMethodMagic.h"; sourceTree = "<group>"; };
		B69D781E484248D7B12C05BC /* CDVStatusBar.h */ = {isa = PBXFileReference; explicitFileType = undefined; fileEncoding = 4; includeInIndex = 0; lastKnownFileType = sourcecode.c.h; name = CDVStatusBar.h; path = "cordova-plugin-statusbar/CDVStatusBar.h"; sourceTree = "<group>"; };
		B6B6E4688C864195A22BDF9C /* CDVLocalFilesystem.m */ = {isa = PBXFileReference; explicitFileType = undefined; fileEncoding = 4; includeInIndex = 0; lastKnownFileType = sourcecode.c.objc; name = CDVLocalFilesystem.m; path = "cordova-plugin-file/CDVLocalFilesystem.m"; sourceTree = "<group>"; };
		B752BE5D80924D4B9BD65F0C /* CDVLocalFilesystem.h */ = {isa = PBXFileReference; explicitFileType = undefined; fileEncoding = 4; includeInIndex = 0; lastKnownFileType = sourcecode.c.h; name = CDVLocalFilesystem.h; path = "cordova-plugin-file/CDVLocalFilesystem.h"; sourceTree = "<group>"; };
		BEF971D309704A30A43A1D63 /* SOSPicker.h */ = {isa = PBXFileReference; explicitFileType = undefined; fileEncoding = 4; includeInIndex = 0; lastKnownFileType = sourcecode.c.h; name = SOSPicker.h; path = "cordova-plugin-telerik-imagepicker/SOSPicker.h"; sourceTree = "<group>"; };
		C19C8D23BC734ECE99E591C7 /* GMSelected@2x.png */ = {isa = PBXFileReference; explicitFileType = undefined; fileEncoding = 9; includeInIndex = 0; lastKnownFileType = unknown; path = "GMSelected@2x.png"; sourceTree = "<group>"; };
		C4B432CB0192410697E8D607 /* CDVIonicKeyboard.h */ = {isa = PBXFileReference; explicitFileType = undefined; fileEncoding = 4; includeInIndex = 0; lastKnownFileType = sourcecode.c.h; name = CDVIonicKeyboard.h; path = "cordova-plugin-ionic-keyboard/CDVIonicKeyboard.h"; sourceTree = "<group>"; };
		CA897AF5426848559D249D75 /* CFCallNumber.h */ = {isa = PBXFileReference; explicitFileType = undefined; fileEncoding = 4; includeInIndex = 0; lastKnownFileType = sourcecode.c.h; name = CFCallNumber.h; path = "call-number/CFCallNumber.h"; sourceTree = "<group>"; };
		CC1AD5E045384F0199CB4AA5 /* GMEmptyFolder@2x.png */ = {isa = PBXFileReference; explicitFileType = undefined; fileEncoding = 9; includeInIndex = 0; lastKnownFileType = unknown; path = "GMEmptyFolder@2x.png"; sourceTree = "<group>"; };
		CE6C8783FD3145A7AA365E30 /* GMFetchItem.m */ = {isa = PBXFileReference; explicitFileType = undefined; fileEncoding = 4; includeInIndex = 0; lastKnownFileType = sourcecode.c.objc; name = GMFetchItem.m; path = "cordova-plugin-telerik-imagepicker/GMFetchItem.m"; sourceTree = "<group>"; };
		D5A2D71C91FA46B69F7DCB72 /* fr.lproj */ = {isa = PBXFileReference; explicitFileType = undefined; fileEncoding = 9; includeInIndex = 0; lastKnownFileType = unknown; path = fr.lproj; sourceTree = "<group>"; };
		D5A6A2ADE9EE4993AEF00293 /* UNNotificationRequest+APPLocalNotification.h */ = {isa = PBXFileReference; explicitFileType = undefined; fileEncoding = 4; includeInIndex = 0; lastKnownFileType = sourcecode.c.h; name = "UNNotificationRequest+APPLocalNotification.h"; path = "cordova-plugin-local-notification/UNNotificationRequest+APPLocalNotification.h"; sourceTree = "<group>"; };
		D83B2D8B3DF04F2BAA73C61A /* CDVWKWebViewUIDelegate.m */ = {isa = PBXFileReference; explicitFileType = undefined; fileEncoding = 4; includeInIndex = 0; lastKnownFileType = sourcecode.c.objc; name = CDVWKWebViewUIDelegate.m; path = "cordova-plugin-ionic-webview/CDVWKWebViewUIDelegate.m"; sourceTree = "<group>"; };
		DC82CF1AC0324B28AB493C0F /* APPNotificationContent.m */ = {isa = PBXFileReference; explicitFileType = undefined; fileEncoding = 4; includeInIndex = 0; lastKnownFileType = sourcecode.c.objc; name = APPNotificationContent.m; path = "cordova-plugin-local-notification/APPNotificationContent.m"; sourceTree = "<group>"; };
		DDEE1EEDC91F4706BAD5AC0E /* APPNotificationContent.h */ = {isa = PBXFileReference; explicitFileType = undefined; fileEncoding = 4; includeInIndex = 0; lastKnownFileType = sourcecode.c.h; name = APPNotificationContent.h; path = "cordova-plugin-local-notification/APPNotificationContent.h"; sourceTree = "<group>"; };
		DE4704EA831E45DA9B28D076 /* zh-Hans.lproj */ = {isa = PBXFileReference; explicitFileType = undefined; fileEncoding = 9; includeInIndex = 0; lastKnownFileType = unknown; path = "zh-Hans.lproj"; sourceTree = "<group>"; };
		DFDEA73DF0A949AB8D842994 /* CDVReachability.m */ = {isa = PBXFileReference; explicitFileType = undefined; fileEncoding = 4; includeInIndex = 0; lastKnownFileType = sourcecode.c.objc; name = CDVReachability.m; path = "cordova-plugin-network-information/CDVReachability.m"; sourceTree = "<group>"; };
		E6B8F93C4B8041709870353E /* CoreTelephony.framework */ = {isa = PBXFileReference; explicitFileType = undefined; fileEncoding = 9; includeInIndex = 0; lastKnownFileType = wrapper.framework; name = CoreTelephony.framework; path = System/Library/Frameworks/CoreTelephony.framework; sourceTree = SDKROOT; };
		E775838613CF408093A089CD /* APPBadge.h */ = {isa = PBXFileReference; explicitFileType = undefined; fileEncoding = 4; includeInIndex = 0; lastKnownFileType = sourcecode.c.h; name = APPBadge.h; path = "cordova-plugin-badge/APPBadge.h"; sourceTree = "<group>"; };
		EA0DF06DE3CC4991B78CF376 /* CDVWKWebViewEngine.h */ = {isa = PBXFileReference; explicitFileType = undefined; fileEncoding = 4; includeInIndex = 0; lastKnownFileType = sourcecode.c.h; name = CDVWKWebViewEngine.h; path = "cordova-plugin-ionic-webview/CDVWKWebViewEngine.h"; sourceTree = "<group>"; };
		EA43913E9B96480DBC7ACC72 /* PSYBlockTimer.h */ = {isa = PBXFileReference; explicitFileType = undefined; fileEncoding = 4; includeInIndex = 0; lastKnownFileType = sourcecode.c.h; name = PSYBlockTimer.h; path = "cordova-plugin-telerik-imagepicker/PSYBlockTimer.h"; sourceTree = "<group>"; };
		EB87FDF31871DA8E0020F90C /* www */ = {isa = PBXFileReference; lastKnownFileType = folder; name = www; path = ../../www; sourceTree = "<group>"; };
		EB87FDF41871DAF40020F90C /* config.xml */ = {isa = PBXFileReference; lastKnownFileType = text.xml; name = config.xml; path = ../../config.xml; sourceTree = "<group>"; };
		ED33DF2A687741AEAF9F8254 /* Bridging-Header.h */ = {isa = PBXFileReference; fileEncoding = 4; lastKnownFileType = sourcecode.c.h; path = "Bridging-Header.h"; sourceTree = "<group>"; };
		F39DDA6DD7014E0EA9220751 /* ImageIO.framework */ = {isa = PBXFileReference; explicitFileType = undefined; fileEncoding = 9; includeInIndex = 0; lastKnownFileType = wrapper.framework; name = ImageIO.framework; path = System/Library/Frameworks/ImageIO.framework; sourceTree = SDKROOT; };
		F5D7B818862D424ABF378330 /* FeHourGlass.m */ = {isa = PBXFileReference; explicitFileType = undefined; fileEncoding = 4; includeInIndex = 0; lastKnownFileType = sourcecode.c.objc; name = FeHourGlass.m; path = "cordova-plugin-telerik-imagepicker/FeHourGlass.m"; sourceTree = "<group>"; };
		F5FCA43385CD4DE9B3B70266 /* UIImage+fixOrientation.m */ = {isa = PBXFileReference; explicitFileType = undefined; fileEncoding = 4; includeInIndex = 0; lastKnownFileType = sourcecode.c.objc; name = "UIImage+fixOrientation.m"; path = "cordova-plugin-telerik-imagepicker/UIImage+fixOrientation.m"; sourceTree = "<group>"; };
		F840E1F0165FE0F500CFE078 /* config.xml */ = {isa = PBXFileReference; lastKnownFileType = text.xml; name = config.xml; path = STSS/config.xml; sourceTree = "<group>"; };
		F9076FEE1C584E7B955F3AAF /* GMAlbumsViewController.m */ = {isa = PBXFileReference; explicitFileType = undefined; fileEncoding = 4; includeInIndex = 0; lastKnownFileType = sourcecode.c.objc; name = GMAlbumsViewController.m; path = "cordova-plugin-telerik-imagepicker/GMAlbumsViewController.m"; sourceTree = "<group>"; };
		FA97054063924260B358B5D2 /* UNUserNotificationCenter+APPLocalNotification.m */ = {isa = PBXFileReference; explicitFileType = undefined; fileEncoding = 4; includeInIndex = 0; lastKnownFileType = sourcecode.c.objc; name = "UNUserNotificationCenter+APPLocalNotification.m"; path = "cordova-plugin-local-notification/UNUserNotificationCenter+APPLocalNotification.m"; sourceTree = "<group>"; };
		FC6E64E972E24445828AABE5 /* CDVStatusBar.m */ = {isa = PBXFileReference; explicitFileType = undefined; fileEncoding = 4; includeInIndex = 0; lastKnownFileType = sourcecode.c.objc; name = CDVStatusBar.m; path = "cordova-plugin-statusbar/CDVStatusBar.m"; sourceTree = "<group>"; };
		FE0D85754C7048ECAA02D677 /* GMImagePickerController.h */ = {isa = PBXFileReference; explicitFileType = undefined; fileEncoding = 4; includeInIndex = 0; lastKnownFileType = sourcecode.c.h; name = GMImagePickerController.h; path = "cordova-plugin-telerik-imagepicker/GMImagePickerController.h"; sourceTree = "<group>"; };
		FF679D1A28A24325B50009D4 /* IONAssetHandler.h */ = {isa = PBXFileReference; explicitFileType = undefined; fileEncoding = 4; includeInIndex = 0; lastKnownFileType = sourcecode.c.h; name = IONAssetHandler.h; path = "cordova-plugin-ionic-webview/IONAssetHandler.h"; sourceTree = "<group>"; };
/* End PBXFileReference section */

/* Begin PBXFrameworksBuildPhase section */
		1D60588F0D05DD3D006BFB54 /* Frameworks */ = {
			isa = PBXFrameworksBuildPhase;
			buildActionMask = 2147483647;
			files = (
				301BF552109A68D80062928A /* libCordova.a in Frameworks */,
				F128AC8DF65D4A728A46B16B /* ImageIO.framework in Frameworks */,
				A93A88A3BD54464B9EDF572E /* CoreLocation.framework in Frameworks */,
				D6033A3AA4B545B49D38DF14 /* AVFoundation.framework in Frameworks */,
				C960C6A3A4EC4423B7393BAD /* WebKit.framework in Frameworks */,
				AF30BF15DCCD4BA69434B33A /* UserNotifications.framework in Frameworks */,
				CD5DD3A7135E4556A55D443A /* SystemConfiguration.framework in Frameworks */,
				214E84F72F774CE689DBF462 /* CoreTelephony.framework in Frameworks */,
				6A0845E3C33C4B209E1C1685 /* Accelerate.framework in Frameworks */,
				527FCFA5867B491F92F5EE06 /* Security.framework in Frameworks */,
				ECA3A94F87D141A880DDB301 /* Photos.framework in Frameworks */,
				AC55FCE7491B43BD9CCF8E67 /* QuartzCore.framework in Frameworks */,
			);
			runOnlyForDeploymentPostprocessing = 0;
		};
/* End PBXFrameworksBuildPhase section */

/* Begin PBXGroup section */
		080E96DDFE201D6D7F000001 /* Classes */ = {
			isa = PBXGroup;
			children = (
				302D95EE14D2391D003F00A1 /* MainViewController.h */,
				302D95EF14D2391D003F00A1 /* MainViewController.m */,
				302D95F014D2391D003F00A1 /* MainViewController.xib */,
				1D3623240D0F684500981E51 /* AppDelegate.h */,
				1D3623250D0F684500981E51 /* AppDelegate.m */,
			);
			name = Classes;
			path = STSS/Classes;
			sourceTree = SOURCE_ROOT;
		};
		19C28FACFE9D520D11CA2CBB /* Products */ = {
			isa = PBXGroup;
			children = (
				1D6058910D05DD3D006BFB54 /* STSS.app */,
			);
			name = Products;
			sourceTree = "<group>";
		};
		29B97314FDCFA39411CA2CEA /* CustomTemplate */ = {
			isa = PBXGroup;
			children = (
				EB87FDF41871DAF40020F90C /* config.xml */,
				EB87FDF31871DA8E0020F90C /* www */,
				EB87FDF11871DA420020F90C /* Staging */,
				301BF52D109A57CC0062928A /* CordovaLib.xcodeproj */,
				080E96DDFE201D6D7F000001 /* Classes */,
				307C750510C5A3420062BCA9 /* Plugins */,
				29B97315FDCFA39411CA2CEA /* Other Sources */,
				29B97317FDCFA39411CA2CEA /* Resources */,
				29B97323FDCFA39411CA2CEA /* Frameworks */,
				19C28FACFE9D520D11CA2CBB /* Products */,
			);
			name = CustomTemplate;
			sourceTree = "<group>";
		};
		29B97315FDCFA39411CA2CEA /* Other Sources */ = {
			isa = PBXGroup;
			children = (
				32CA4F630368D1EE00C91783 /* STSS-Prefix.pch */,
				29B97316FDCFA39411CA2CEA /* main.m */,
				ED33DF2A687741AEAF9F8254 /* Bridging-Header.h */,
			);
			name = "Other Sources";
			path = STSS;
			sourceTree = "<group>";
		};
		29B97317FDCFA39411CA2CEA /* Resources */ = {
			isa = PBXGroup;
			children = (
				0207DA571B56EA530066E2B4 /* Images.xcassets */,
				3047A50E1AB8057F00498E2A /* config */,
				8D1107310486CEB800E47090 /* STSS-Info.plist */,
				6AFF5BF81D6E424B00AB3073 /* CDVLaunchScreen.storyboard */,
				73FD6738B106489694E825BA /* appbeep.wav */,
				367E447CEB214E6E98A75DD8 /* GMEmptyFolder@1x.png */,
				CC1AD5E045384F0199CB4AA5 /* GMEmptyFolder@2x.png */,
				075CCB2170CD408BB8979705 /* GMSelected.png */,
				C19C8D23BC734ECE99E591C7 /* GMSelected@2x.png */,
				5FDA15371E5349E1855FFA42 /* GMVideoIcon.png */,
				778BC69AB83A49BC90FEBED8 /* GMVideoIcon@2x.png */,
				0F944BF3B26A4F7281CFF8FA /* ca.lproj */,
				60814C2A4E994E84822AA49E /* de.lproj */,
				0050639F169841E2A531A246 /* en.lproj */,
				B1A3B05FEEB946CA950E8DAE /* es.lproj */,
				D5A2D71C91FA46B69F7DCB72 /* fr.lproj */,
				16573675EF81454580872AF5 /* it.lproj */,
				088564D466DD44188CA9CAA0 /* pt.lproj */,
				08AD40F659314498960DFAD4 /* pl.lproj */,
				DE4704EA831E45DA9B28D076 /* zh-Hans.lproj */,
			);
			name = Resources;
			path = STSS/Resources;
			sourceTree = "<group>";
		};
		29B97323FDCFA39411CA2CEA /* Frameworks */ = {
			isa = PBXGroup;
			children = (
				F39DDA6DD7014E0EA9220751 /* ImageIO.framework */,
				8487B52501E94E998B25134F /* CoreLocation.framework */,
				388DE61DF98947EE8AF75739 /* AVFoundation.framework */,
				B10BE1FE12254C0980CDA17E /* WebKit.framework */,
				86E5E263CEE64AB1A2085731 /* UserNotifications.framework */,
				88DA6B424BF442C3AE45A571 /* SystemConfiguration.framework */,
				E6B8F93C4B8041709870353E /* CoreTelephony.framework */,
				18CB58021E2D4A74AFD6F850 /* Accelerate.framework */,
				86A1C7B485544968A041DB8A /* Security.framework */,
				47EA3355ABF14E3B84DF6EB1 /* Photos.framework */,
				2C57B4140EBB461C83701C5E /* QuartzCore.framework */,
			);
			name = Frameworks;
			sourceTree = "<group>";
		};
		301BF52E109A57CC0062928A /* Products */ = {
			isa = PBXGroup;
			children = (
				301BF535109A57CC0062928A /* libCordova.a */,
				907D8124214C687600058A10 /* Cordova.framework */,
			);
			name = Products;
			sourceTree = "<group>";
		};
		3047A50E1AB8057F00498E2A /* config */ = {
			isa = PBXGroup;
			children = (
				3047A50F1AB8059700498E2A /* build-debug.xcconfig */,
				3047A5101AB8059700498E2A /* build-release.xcconfig */,
				3047A5111AB8059700498E2A /* build.xcconfig */,
			);
			name = config;
			sourceTree = "<group>";
		};
		307C750510C5A3420062BCA9 /* Plugins */ = {
			isa = PBXGroup;
			children = (
				A63FFF51B8654EC88D875708 /* CFCallNumber.m */,
				CA897AF5426848559D249D75 /* CFCallNumber.h */,
				9408C47D7651470984989E7E /* CDVDevice.m */,
				5DFDA01125214F12ABAD8DFD /* CDVDevice.h */,
				216690CB646A4320A57A666B /* APPBackgroundMode.m */,
				1F6AF8FD5EB740BEAD84F27D /* APPMethodMagic.m */,
				8A74A8F954784CADB1FD7F2B /* APPBackgroundMode.h */,
				B534F9E4FBED4349A9D70D0C /* APPMethodMagic.h */,
				26D1CFD9DD9A4065AC427870 /* APPBadge.m */,
				E775838613CF408093A089CD /* APPBadge.h */,
				461D6F3608E1407D84D71C9C /* UIImage+CropScaleOrientation.m */,
				30DBA6464D9343A780CC1A2D /* CDVCamera.m */,
				4DBF5A385E5F4FFC9B4140DD /* CDVJpegHeaderWriter.m */,
				1D7CB26062E540269AE4E804 /* UIImage+CropScaleOrientation.h */,
				2713F7F1E5E743A08528C0DE /* CDVCamera.h */,
				21872378282D49BCB8068289 /* CDVJpegHeaderWriter.h */,
				2BA9B04371BD46609C3E32FE /* CDVExif.h */,
				380853EB0DB24E47879BAF68 /* Chooser.swift */,
				3096062B33684F659B893F66 /* CDVFile.m */,
				B6B6E4688C864195A22BDF9C /* CDVLocalFilesystem.m */,
				96FF37A9431F4DE59230CE99 /* CDVAssetLibraryFilesystem.m */,
				B1187D22E41D406E94ACC0C4 /* CDVFile.h */,
				B752BE5D80924D4B9BD65F0C /* CDVLocalFilesystem.h */,
				25BEC3A6A37F4BE4B4738941 /* CDVAssetLibraryFilesystem.h */,
				ADD1D38A4EC444389CAFA308 /* CDVIonicKeyboard.m */,
				C4B432CB0192410697E8D607 /* CDVIonicKeyboard.h */,
				11475970F37E477DA3A3CE00 /* CDVWKWebViewEngine.m */,
				D83B2D8B3DF04F2BAA73C61A /* CDVWKWebViewUIDelegate.m */,
				A0EDE887792447639EDF4CD9 /* CDVWKProcessPoolFactory.m */,
				5FA4DE35138A46B9B569AC3F /* IONAssetHandler.m */,
				EA0DF06DE3CC4991B78CF376 /* CDVWKWebViewEngine.h */,
				7A8969D7817949708F10BEAE /* CDVWKWebViewUIDelegate.h */,
				3C977063CD754D4BB06C6A6D /* CDVWKProcessPoolFactory.h */,
				FF679D1A28A24325B50009D4 /* IONAssetHandler.h */,
				9D18F20A993C443C8FD7CB9C /* APPLocalNotification.m */,
				DC82CF1AC0324B28AB493C0F /* APPNotificationContent.m */,
				78394D4B3D794FECAAADAA26 /* APPNotificationOptions.m */,
				FA97054063924260B358B5D2 /* UNUserNotificationCenter+APPLocalNotification.m */,
				72A4B788D590458AAA297E1C /* UNNotificationRequest+APPLocalNotification.m */,
				0DA232E2F3A54BF08C3D5691 /* APPLocalNotification.h */,
				DDEE1EEDC91F4706BAD5AC0E /* APPNotificationContent.h */,
				68810EFDFF334D848AC8B740 /* APPNotificationOptions.h */,
				13C5D5E536624B539A83F43F /* UNUserNotificationCenter+APPLocalNotification.h */,
				D5A6A2ADE9EE4993AEF00293 /* UNNotificationRequest+APPLocalNotification.h */,
				69216F060D414295AE9602F9 /* CDVConnection.m */,
				DFDEA73DF0A949AB8D842994 /* CDVReachability.m */,
				41A1E7F2D0BD466CBADEDEDB /* CDVConnection.h */,
				0B73FD8D87964386ADE2EB39 /* CDVReachability.h */,
				4E102A9F683149359D9BC032 /* CDVNetworkInterface.m */,
				895F5F20B6BD4B3C8B7999B2 /* CDVNetworkInterface.h */,
				FC6E64E972E24445828AABE5 /* CDVStatusBar.m */,
				B69D781E484248D7B12C05BC /* CDVStatusBar.h */,
				2D19DC36AF454E74801E4D79 /* SOSPicker.m */,
				F5D7B818862D424ABF378330 /* FeHourGlass.m */,
				F5FCA43385CD4DE9B3B70266 /* UIImage+fixOrientation.m */,
				B22434733D684B41AF52F03D /* GMAlbumsViewCell.m */,
				F9076FEE1C584E7B955F3AAF /* GMAlbumsViewController.m */,
				CE6C8783FD3145A7AA365E30 /* GMFetchItem.m */,
				6EDDDFAA9E83426483B6069C /* GMGridViewCell.m */,
				73811F1AAAF74DABB64026F2 /* GMGridViewController.m */,
				73486C98425344E2A54854A0 /* GMImagePickerController.m */,
				9D9E356200424898B3D14895 /* PSYBlockTimer.m */,
				B0187301245B4700BD8EE113 /* GMPHAsset.m */,
				BEF971D309704A30A43A1D63 /* SOSPicker.h */,
				2A0B1B024A17442DB4DD15D7 /* FeHourGlass.h */,
				827273334B4D4A7887D6EF37 /* UIImage+fixOrientation.h */,
				895381FBB3A34CEA8752300B /* GMAlbumsViewCell.h */,
				B3D573D6188E4202A21DD464 /* GMAlbumsViewController.h */,
				7E3E0D3120B84F5AB2E888FB /* GMFetchItem.h */,
				5BBDB9346A11430D89C76931 /* GMGridViewCell.h */,
				6575BAA84E204B94833C3A5B /* GMGridViewController.h */,
				FE0D85754C7048ECAA02D677 /* GMImagePickerController.h */,
				EA43913E9B96480DBC7ACC72 /* PSYBlockTimer.h */,
				5B0D29B56AF841EBA05805DF /* GMPHAsset.h */,
				27668C27D9274727A4404015 /* SQLitePlugin.m */,
				0327F9C249984FAE85F58250 /* CustomPSPDFThreadSafeMutableDictionary.m */,
				86F90DA7FDB9470FA91E02A3 /* sqlite3.c */,
				052400F2626F4102828AF879 /* SQLitePlugin.h */,
				868BC488C7B84EBBB6919EA8 /* sqlite3.h */,
			);
			name = Plugins;
			path = STSS/Plugins;
			sourceTree = SOURCE_ROOT;
		};
		EB87FDF11871DA420020F90C /* Staging */ = {
			isa = PBXGroup;
			children = (
				F840E1F0165FE0F500CFE078 /* config.xml */,
				301BF56E109A69640062928A /* www */,
			);
			name = Staging;
			sourceTree = "<group>";
		};
/* End PBXGroup section */

/* Begin PBXNativeTarget section */
		1D6058900D05DD3D006BFB54 /* STSS */ = {
			isa = PBXNativeTarget;
			buildConfigurationList = 1D6058960D05DD3E006BFB54 /* Build configuration list for PBXNativeTarget "STSS" */;
			buildPhases = (
				304B58A110DAC018002A0835 /* Copy www directory */,
				1D60588D0D05DD3D006BFB54 /* Resources */,
				1D60588E0D05DD3D006BFB54 /* Sources */,
				1D60588F0D05DD3D006BFB54 /* Frameworks */,
			);
			buildRules = (
			);
			dependencies = (
				301BF551109A68C00062928A /* PBXTargetDependency */,
			);
			name = STSS;
			productName = STSS;
			productReference = 1D6058910D05DD3D006BFB54 /* STSS.app */;
			productType = "com.apple.product-type.application";
		};
/* End PBXNativeTarget section */

/* Begin PBXProject section */
		29B97313FDCFA39411CA2CEA /* Project object */ = {
			isa = PBXProject;
			attributes = {
				LastUpgradeCheck = 1130;
			};
			buildConfigurationList = C01FCF4E08A954540054247B /* Build configuration list for PBXProject "STSS" */;
			compatibilityVersion = "Xcode 11.0";
			developmentRegion = en;
			hasScannedForEncodings = 1;
			knownRegions = (
				en,
				Base,
			);
			mainGroup = 29B97314FDCFA39411CA2CEA /* CustomTemplate */;
			projectDirPath = "";
			projectReferences = (
				{
					ProductGroup = 301BF52E109A57CC0062928A /* Products */;
					ProjectRef = 301BF52D109A57CC0062928A /* CordovaLib.xcodeproj */;
				},
			);
			projectRoot = "";
			targets = (
				1D6058900D05DD3D006BFB54 /* STSS */,
			);
		};
/* End PBXProject section */

/* Begin PBXReferenceProxy section */
		301BF535109A57CC0062928A /* libCordova.a */ = {
			isa = PBXReferenceProxy;
			fileType = archive.ar;
			path = libCordova.a;
			remoteRef = 301BF534109A57CC0062928A /* PBXContainerItemProxy */;
			sourceTree = BUILT_PRODUCTS_DIR;
		};
		907D8124214C687600058A10 /* Cordova.framework */ = {
			isa = PBXReferenceProxy;
			fileType = wrapper.framework;
			path = Cordova.framework;
			remoteRef = 907D8123214C687600058A10 /* PBXContainerItemProxy */;
			sourceTree = BUILT_PRODUCTS_DIR;
		};
/* End PBXReferenceProxy section */

/* Begin PBXResourcesBuildPhase section */
		1D60588D0D05DD3D006BFB54 /* Resources */ = {
			isa = PBXResourcesBuildPhase;
			buildActionMask = 2147483647;
			files = (
				302D95F214D2391D003F00A1 /* MainViewController.xib in Resources */,
				0207DA581B56EA530066E2B4 /* Images.xcassets in Resources */,
				6AFF5BF91D6E424B00AB3073 /* CDVLaunchScreen.storyboard in Resources */,
				4AE98E95C58A424C90A718E5 /* appbeep.wav in Resources */,
				AD89327D377E401EBC283DAC /* GMEmptyFolder@1x.png in Resources */,
				E058FC63C73A4E01A01E828D /* GMEmptyFolder@2x.png in Resources */,
				CFB302F278A1492FBC8E155E /* GMSelected.png in Resources */,
				B9DDFBF3254B453C81781BE7 /* GMSelected@2x.png in Resources */,
				C6E4A37CEF0748D2BDDA8B82 /* GMVideoIcon.png in Resources */,
				55E7283B69314092BDCAA533 /* GMVideoIcon@2x.png in Resources */,
				2A7C3FC1ECFE411281300E06 /* ca.lproj in Resources */,
				1D8ECCBEE6B14179820B0284 /* de.lproj in Resources */,
				855B64E0D9924F0CBA7EAC6B /* en.lproj in Resources */,
				FC53C9A866C14C58B89D2570 /* es.lproj in Resources */,
				B7357793F95446599A368693 /* fr.lproj in Resources */,
				641F9D0013884E85B4701E80 /* it.lproj in Resources */,
				A0FEB6A0E8D34D9BA5734D46 /* pt.lproj in Resources */,
				7580ABCACFB9471FABBFB226 /* pl.lproj in Resources */,
				5D92CC0EDEB941C98BF28A80 /* zh-Hans.lproj in Resources */,
			);
			runOnlyForDeploymentPostprocessing = 0;
		};
/* End PBXResourcesBuildPhase section */

/* Begin PBXShellScriptBuildPhase section */
		304B58A110DAC018002A0835 /* Copy www directory */ = {
			isa = PBXShellScriptBuildPhase;
			buildActionMask = 2147483647;
			files = (
			);
			inputPaths = (
			);
			name = "Copy www directory";
			outputPaths = (
			);
			runOnlyForDeploymentPostprocessing = 0;
			shellPath = /bin/sh;
			shellScript = "\"$SRCROOT/STSS/Scripts/copy-www-build-step.sh\"";
			showEnvVarsInLog = 0;
		};
/* End PBXShellScriptBuildPhase section */

/* Begin PBXSourcesBuildPhase section */
		1D60588E0D05DD3D006BFB54 /* Sources */ = {
			isa = PBXSourcesBuildPhase;
			buildActionMask = 2147483647;
			files = (
				1D60589B0D05DD56006BFB54 /* main.m in Sources */,
				1D3623260D0F684500981E51 /* AppDelegate.m in Sources */,
				302D95F114D2391D003F00A1 /* MainViewController.m in Sources */,
				C460846637B14985973F93C0 /* CFCallNumber.m in Sources */,
				BB24872FD4E44AB6B39096D1 /* CDVDevice.m in Sources */,
				0F2B1BC1407C4B63AC30B08E /* APPBackgroundMode.m in Sources */,
				AC1A8538A2B14AD7A0CAB42C /* APPMethodMagic.m in Sources */,
				E9436206E69D42669E00ECD0 /* APPBadge.m in Sources */,
				F99D038526C142E8A79754B5 /* UIImage+CropScaleOrientation.m in Sources */,
				F9DCF700F1C64ED3AC3925C1 /* CDVCamera.m in Sources */,
				F1FAC2B6300E4ECF8462F109 /* CDVJpegHeaderWriter.m in Sources */,
				D835CEE5B44B444581532EDD /* Chooser.swift in Sources */,
				1A4C8CAF9BEB4C48B0EB87E4 /* CDVFile.m in Sources */,
				D3A2944221E043D5A7445469 /* CDVLocalFilesystem.m in Sources */,
				A5E9A2F4C4674D0CB744F875 /* CDVAssetLibraryFilesystem.m in Sources */,
				96A544FB11014FC883B6B470 /* CDVIonicKeyboard.m in Sources */,
				CC42828213C842398D8066F1 /* CDVWKWebViewEngine.m in Sources */,
				D3DF226516D74949B5ED3F57 /* CDVWKWebViewUIDelegate.m in Sources */,
				E896F1CE4CE94B4B8DC77DE9 /* CDVWKProcessPoolFactory.m in Sources */,
				7CDED8AB5AA649DEBDD45A96 /* IONAssetHandler.m in Sources */,
				5AB5944B523148BDAD2BDA52 /* APPLocalNotification.m in Sources */,
				F35857BA34734EA0B276589D /* APPNotificationContent.m in Sources */,
				92F1F0E8A89540B2A2B69753 /* APPNotificationOptions.m in Sources */,
				B122217939A14774B99D302E /* UNUserNotificationCenter+APPLocalNotification.m in Sources */,
				338ACF08960D47C983CA3416 /* UNNotificationRequest+APPLocalNotification.m in Sources */,
				87B94D575EC84BC7820F6E4B /* CDVConnection.m in Sources */,
				3B31D8AA07EA4FA894DAB95C /* CDVReachability.m in Sources */,
				2342A65F7A344FAE93CD102A /* CDVNetworkInterface.m in Sources */,
				6548D000021049D297E3F544 /* CDVStatusBar.m in Sources */,
				495070B149C54254A46C7C01 /* SOSPicker.m in Sources */,
				A193939C1A614DBB93AB763A /* FeHourGlass.m in Sources */,
				CBA897EBD33A4F06A38DFE31 /* UIImage+fixOrientation.m in Sources */,
				71F836FA05AB4B4A961314E3 /* GMAlbumsViewCell.m in Sources */,
				BF43CC08C81B4B9B94741301 /* GMAlbumsViewController.m in Sources */,
				3E11A3A1A3F5475F946FA1C1 /* GMFetchItem.m in Sources */,
				5743250BB2D442B38B79C2C7 /* GMGridViewCell.m in Sources */,
				584BF7014F234AB29D4D45F6 /* GMGridViewController.m in Sources */,
				F7948E3F6CF041E1B2E7A187 /* GMImagePickerController.m in Sources */,
				364EB17EF5834C11A3E23194 /* PSYBlockTimer.m in Sources */,
				0889A9414EFB45D98ABAC4F2 /* GMPHAsset.m in Sources */,
				62081D97626F4DBC958446B2 /* SQLitePlugin.m in Sources */,
				5857AE0957AB450AA1505673 /* CustomPSPDFThreadSafeMutableDictionary.m in Sources */,
				CE73F2A3B00F428A9357F29E /* sqlite3.c in Sources */,
			);
			runOnlyForDeploymentPostprocessing = 0;
		};
/* End PBXSourcesBuildPhase section */

/* Begin PBXTargetDependency section */
		301BF551109A68C00062928A /* PBXTargetDependency */ = {
			isa = PBXTargetDependency;
			name = CordovaLib;
			targetProxy = 301BF550109A68C00062928A /* PBXContainerItemProxy */;
		};
/* End PBXTargetDependency section */

/* Begin XCBuildConfiguration section */
		1D6058940D05DD3E006BFB54 /* Debug */ = {
			isa = XCBuildConfiguration;
			baseConfigurationReference = 3047A50F1AB8059700498E2A /* build-debug.xcconfig */;
			buildSettings = {
				ALWAYS_EMBED_SWIFT_STANDARD_LIBRARIES = YES;
				ALWAYS_SEARCH_USER_PATHS = NO;
				ASSETCATALOG_COMPILER_APPICON_NAME = AppIcon;
				CLANG_ENABLE_MODULES = YES;
				CLANG_ENABLE_OBJC_ARC = YES;
				COPY_PHASE_STRIP = NO;
				CURRENT_PROJECT_VERSION = 1.01;
				GCC_DYNAMIC_NO_PIC = NO;
				GCC_OPTIMIZATION_LEVEL = 0;
				GCC_PRECOMPILE_PREFIX_HEADER = YES;
				GCC_PREFIX_HEADER = "STSS/STSS-Prefix.pch";
				GCC_THUMB_SUPPORT = NO;
				GCC_VERSION = "";
				INFOPLIST_FILE = "STSS/STSS-Info.plist";
				IPHONEOS_DEPLOYMENT_TARGET = 11.0;
				LD_RUNPATH_SEARCH_PATHS = "@executable_path/Frameworks";
				PRODUCT_BUNDLE_IDENTIFIER = com.centechn.stss.app;
				PRODUCT_NAME = "$(TARGET_NAME)";
				SWIFT_OBJC_BRIDGING_HEADER = "$(PROJECT_DIR)/$(PROJECT_NAME)/Bridging-Header.h";
				SWIFT_OPTIMIZATION_LEVEL = "-Onone";
				SWIFT_VERSION = 4.0;
				TARGETED_DEVICE_FAMILY = "1,2";
			};
			name = Debug;
		};
		1D6058950D05DD3E006BFB54 /* Release */ = {
			isa = XCBuildConfiguration;
			baseConfigurationReference = 3047A5101AB8059700498E2A /* build-release.xcconfig */;
			buildSettings = {
				ALWAYS_EMBED_SWIFT_STANDARD_LIBRARIES = YES;
				ALWAYS_SEARCH_USER_PATHS = NO;
				ASSETCATALOG_COMPILER_APPICON_NAME = AppIcon;
				CLANG_ENABLE_MODULES = YES;
				CLANG_ENABLE_OBJC_ARC = YES;
				CODE_SIGN_IDENTITY = "Apple Development";
				CODE_SIGN_STYLE = Automatic;
				COPY_PHASE_STRIP = YES;
				CURRENT_PROJECT_VERSION = 1.01;
				DEVELOPMENT_TEAM = 46Q8932GL9;
				GCC_PRECOMPILE_PREFIX_HEADER = YES;
				GCC_PREFIX_HEADER = "STSS/STSS-Prefix.pch";
				GCC_THUMB_SUPPORT = NO;
				GCC_VERSION = "";
				INFOPLIST_FILE = "STSS/STSS-Info.plist";
				IPHONEOS_DEPLOYMENT_TARGET = 11.0;
				LD_RUNPATH_SEARCH_PATHS = "@executable_path/Frameworks";
				PRODUCT_BUNDLE_IDENTIFIER = com.centechn.stsshn.app;
				PRODUCT_NAME = "$(TARGET_NAME)";
				PROVISIONING_PROFILE_SPECIFIER = "";
				SWIFT_OBJC_BRIDGING_HEADER = "$(PROJECT_DIR)/$(PROJECT_NAME)/Bridging-Header.h";
				SWIFT_VERSION = 4.0;
				TARGETED_DEVICE_FAMILY = "1,2";
			};
			name = Release;
		};
		C01FCF4F08A954540054247B /* Debug */ = {
			isa = XCBuildConfiguration;
			baseConfigurationReference = 3047A5111AB8059700498E2A /* build.xcconfig */;
			buildSettings = {
				ALWAYS_EMBED_SWIFT_STANDARD_LIBRARIES = YES;
				CLANG_ANALYZER_LOCALIZABILITY_NONLOCALIZED = YES;
				CLANG_ENABLE_MODULES = YES;
				CLANG_ENABLE_OBJC_ARC = YES;
				CLANG_WARN_BLOCK_CAPTURE_AUTORELEASING = YES;
				CLANG_WARN_BOOL_CONVERSION = YES;
				CLANG_WARN_COMMA = YES;
				CLANG_WARN_CONSTANT_CONVERSION = YES;
				CLANG_WARN_DEPRECATED_OBJC_IMPLEMENTATIONS = YES;
				CLANG_WARN_EMPTY_BODY = YES;
				CLANG_WARN_ENUM_CONVERSION = YES;
				CLANG_WARN_INFINITE_RECURSION = YES;
				CLANG_WARN_INT_CONVERSION = YES;
				CLANG_WARN_NON_LITERAL_NULL_CONVERSION = YES;
				CLANG_WARN_OBJC_IMPLICIT_RETAIN_SELF = YES;
				CLANG_WARN_OBJC_LITERAL_CONVERSION = YES;
				CLANG_WARN_RANGE_LOOP_ANALYSIS = YES;
				CLANG_WARN_STRICT_PROTOTYPES = YES;
				CLANG_WARN_SUSPICIOUS_MOVE = YES;
				CLANG_WARN_UNREACHABLE_CODE = YES;
				CLANG_WARN__DUPLICATE_METHOD_MATCH = YES;
				ENABLE_STRICT_OBJC_MSGSEND = YES;
				ENABLE_TESTABILITY = YES;
				GCC_C_LANGUAGE_STANDARD = c99;
				GCC_NO_COMMON_BLOCKS = YES;
				GCC_THUMB_SUPPORT = NO;
				GCC_VERSION = "";
				GCC_WARN_64_TO_32_BIT_CONVERSION = YES;
				GCC_WARN_ABOUT_RETURN_TYPE = YES;
				GCC_WARN_UNDECLARED_SELECTOR = YES;
				GCC_WARN_UNINITIALIZED_AUTOS = YES;
				GCC_WARN_UNUSED_FUNCTION = YES;
				GCC_WARN_UNUSED_VARIABLE = YES;
				IPHONEOS_DEPLOYMENT_TARGET = 11.0;
				ONLY_ACTIVE_ARCH = YES;
				SDKROOT = iphoneos;
				SKIP_INSTALL = NO;
				SWIFT_OBJC_BRIDGING_HEADER = "$(PROJECT_DIR)/$(PROJECT_NAME)/Bridging-Header.h";
				SWIFT_OPTIMIZATION_LEVEL = "-Onone";
				SWIFT_VERSION = 4.0;
				WK_WEB_VIEW_ONLY = 1;
			};
			name = Debug;
		};
		C01FCF5008A954540054247B /* Release */ = {
			isa = XCBuildConfiguration;
			baseConfigurationReference = 3047A5111AB8059700498E2A /* build.xcconfig */;
			buildSettings = {
				ALWAYS_EMBED_SWIFT_STANDARD_LIBRARIES = YES;
				CLANG_ANALYZER_LOCALIZABILITY_NONLOCALIZED = YES;
				CLANG_ENABLE_MODULES = YES;
				CLANG_ENABLE_OBJC_ARC = YES;
				CLANG_WARN_BLOCK_CAPTURE_AUTORELEASING = YES;
				CLANG_WARN_BOOL_CONVERSION = YES;
				CLANG_WARN_COMMA = YES;
				CLANG_WARN_CONSTANT_CONVERSION = YES;
				CLANG_WARN_DEPRECATED_OBJC_IMPLEMENTATIONS = YES;
				CLANG_WARN_EMPTY_BODY = YES;
				CLANG_WARN_ENUM_CONVERSION = YES;
				CLANG_WARN_INFINITE_RECURSION = YES;
				CLANG_WARN_INT_CONVERSION = YES;
				CLANG_WARN_NON_LITERAL_NULL_CONVERSION = YES;
				CLANG_WARN_OBJC_IMPLICIT_RETAIN_SELF = YES;
				CLANG_WARN_OBJC_LITERAL_CONVERSION = YES;
				CLANG_WARN_RANGE_LOOP_ANALYSIS = YES;
				CLANG_WARN_STRICT_PROTOTYPES = YES;
				CLANG_WARN_SUSPICIOUS_MOVE = YES;
				CLANG_WARN_UNREACHABLE_CODE = YES;
				CLANG_WARN__DUPLICATE_METHOD_MATCH = YES;
				ENABLE_STRICT_OBJC_MSGSEND = YES;
				GCC_C_LANGUAGE_STANDARD = c99;
				GCC_NO_COMMON_BLOCKS = YES;
				GCC_THUMB_SUPPORT = NO;
				GCC_VERSION = "";
				GCC_WARN_64_TO_32_BIT_CONVERSION = YES;
				GCC_WARN_ABOUT_RETURN_TYPE = YES;
				GCC_WARN_UNDECLARED_SELECTOR = YES;
				GCC_WARN_UNINITIALIZED_AUTOS = YES;
				GCC_WARN_UNUSED_FUNCTION = YES;
				GCC_WARN_UNUSED_VARIABLE = YES;
				IPHONEOS_DEPLOYMENT_TARGET = 11.0;
				SDKROOT = iphoneos;
				SKIP_INSTALL = NO;
				SWIFT_OBJC_BRIDGING_HEADER = "$(PROJECT_DIR)/$(PROJECT_NAME)/Bridging-Header.h";
				SWIFT_VERSION = 4.0;
				WK_WEB_VIEW_ONLY = 1;
			};
			name = Release;
		};
/* End XCBuildConfiguration section */

/* Begin XCConfigurationList section */
		1D6058960D05DD3E006BFB54 /* Build configuration list for PBXNativeTarget "STSS" */ = {
			isa = XCConfigurationList;
			buildConfigurations = (
				1D6058940D05DD3E006BFB54 /* Debug */,
				1D6058950D05DD3E006BFB54 /* Release */,
			);
			defaultConfigurationIsVisible = 0;
			defaultConfigurationName = Release;
		};
		C01FCF4E08A954540054247B /* Build configuration list for PBXProject "STSS" */ = {
			isa = XCConfigurationList;
			buildConfigurations = (
				C01FCF4F08A954540054247B /* Debug */,
				C01FCF5008A954540054247B /* Release */,
			);
			defaultConfigurationIsVisible = 0;
			defaultConfigurationName = Release;
		};
/* End XCConfigurationList section */
	};
	rootObject = 29B97313FDCFA39411CA2CEA /* Project object */;
}
